
Microsoft Visual Studio Solution File, Format Version 12.00
# Visual Studio Version 17
VisualStudioVersion = 17.5.33530.505
MinimumVisualStudioVersion = 10.0.40219.1
Project("{FAE04EC0-301F-11D3-BF4B-00C04F79EFBC}") = "Zadanie Dzień 4", "Zadanie Dzień 4\Zadanie Dzień 4.csproj", "{17BAF8F0-E033-49FF-8DD1-1428A5AC9BB8}"
EndProject
Global
	GlobalSection(SolutionConfigurationPlatforms) = preSolution
		Debug|Any CPU = Debug|Any CPU
		Release|Any CPU = Release|Any CPU
	EndGlobalSection
	GlobalSection(ProjectConfigurationPlatforms) = postSolution
		{17BAF8F0-E033-49FF-8DD1-1428A5AC9BB8}.Debug|Any CPU.ActiveCfg = Debug|Any CPU
		{17BAF8F0-E033-49FF-8DD1-1428A5AC9BB8}.Debug|Any CPU.Build.0 = Debug|Any CPU
		{17BAF8F0-E033-49FF-8DD1-1428A5AC9BB8}.Release|Any CPU.ActiveCfg = Release|Any CPU
		{17BAF8F0-E033-49FF-8DD1-1428A5AC9BB8}.Release|Any CPU.Build.0 = Release|Any CPU
	EndGlobalSection
	GlobalSection(SolutionProperties) = preSolution
		HideSolutionNode = FALSE
	EndGlobalSection
	GlobalSection(ExtensibilityGlobals) = postSolution
		SolutionGuid = {8CDDA5B2-A517-4113-946C-16A9B3338A55}
	EndGlobalSection
EndGlobal
